
Microsoft Visual Studio Solution File, Format Version 12.00
# Visual Studio Version 17
VisualStudioVersion = 17.4.33110.190
MinimumVisualStudioVersion = 10.0.40219.1
Project("{FAE04EC0-301F-11D3-BF4B-00C04F79EFBC}") = "GenericClasses", "GenericClasses\GenericClasses.csproj", "{6A9DB9C2-6ADF-40B3-8EA0-373747023519}"
EndProject
Global
	GlobalSection(SolutionConfigurationPlatforms) = preSolution
		Debug|Any CPU = Debug|Any CPU
		Release|Any CPU = Release|Any CPU
	EndGlobalSection
	GlobalSection(ProjectConfigurationPlatforms) = postSolution
		{6A9DB9C2-6ADF-40B3-8EA0-373747023519}.Debug|Any CPU.ActiveCfg = Debug|Any CPU
		{6A9DB9C2-6ADF-40B3-8EA0-373747023519}.Debug|Any CPU.Build.0 = Debug|Any CPU
		{6A9DB9C2-6ADF-40B3-8EA0-373747023519}.Release|Any CPU.ActiveCfg = Release|Any CPU
		{6A9DB9C2-6ADF-40B3-8EA0-373747023519}.Release|Any CPU.Build.0 = Release|Any CPU
	EndGlobalSection
	GlobalSection(SolutionProperties) = preSolution
		HideSolutionNode = FALSE
	EndGlobalSection
	GlobalSection(ExtensibilityGlobals) = postSolution
		SolutionGuid = {48975DA7-0EB2-4B1A-ADF1-826D6A1282B6}
	EndGlobalSection
EndGlobal
